
Microsoft Visual Studio Solution File, Format Version 12.00
# Visual Studio Version 16
VisualStudioVersion = 16.0.29728.190
MinimumVisualStudioVersion = 10.0.40219.1
Project("{FAE04EC0-301F-11D3-BF4B-00C04F79EFBC}") = "SmartLab", "SmartLab.csproj", "{994DF81E-0E49-4CC5-9CCB-58DADC028595}"
EndProject
Global
	GlobalSection(SolutionConfigurationPlatforms) = preSolution
		Debug|Any CPU = Debug|Any CPU
		Release|Any CPU = Release|Any CPU
	EndGlobalSection
	GlobalSection(ProjectConfigurationPlatforms) = postSolution
		{994DF81E-0E49-4CC5-9CCB-58DADC028595}.Debug|Any CPU.ActiveCfg = Debug|Any CPU
		{994DF81E-0E49-4CC5-9CCB-58DADC028595}.Debug|Any CPU.Build.0 = Debug|Any CPU
		{994DF81E-0E49-4CC5-9CCB-58DADC028595}.Release|Any CPU.ActiveCfg = Release|Any CPU
		{994DF81E-0E49-4CC5-9CCB-58DADC028595}.Release|Any CPU.Build.0 = Release|Any CPU
	EndGlobalSection
	GlobalSection(SolutionProperties) = preSolution
		HideSolutionNode = FALSE
	EndGlobalSection
	GlobalSection(ExtensibilityGlobals) = postSolution
		SolutionGuid = {367FDC55-C6DB-4113-8738-23239930DF7C}
	EndGlobalSection
EndGlobal
